
Microsoft Visual Studio Solution File, Format Version 12.00
# Visual Studio Version 16
VisualStudioVersion = 16.0.31829.152
MinimumVisualStudioVersion = 10.0.40219.1
Project("{FAE04EC0-301F-11D3-BF4B-00C04F79EFBC}") = "Task21", "Task21\Task21.csproj", "{0FC3EF15-84BA-4158-8D0C-0D82978FFB6E}"
EndProject
Global
	GlobalSection(SolutionConfigurationPlatforms) = preSolution
		Debug|Any CPU = Debug|Any CPU
		Release|Any CPU = Release|Any CPU
	EndGlobalSection
	GlobalSection(ProjectConfigurationPlatforms) = postSolution
		{0FC3EF15-84BA-4158-8D0C-0D82978FFB6E}.Debug|Any CPU.ActiveCfg = Debug|Any CPU
		{0FC3EF15-84BA-4158-8D0C-0D82978FFB6E}.Debug|Any CPU.Build.0 = Debug|Any CPU
		{0FC3EF15-84BA-4158-8D0C-0D82978FFB6E}.Release|Any CPU.ActiveCfg = Release|Any CPU
		{0FC3EF15-84BA-4158-8D0C-0D82978FFB6E}.Release|Any CPU.Build.0 = Release|Any CPU
	EndGlobalSection
	GlobalSection(SolutionProperties) = preSolution
		HideSolutionNode = FALSE
	EndGlobalSection
	GlobalSection(ExtensibilityGlobals) = postSolution
		SolutionGuid = {91BE39C1-EC38-4B3C-9A77-AD6F442D6460}
	EndGlobalSection
EndGlobal
